// !$*UTF8*$!
{
	archiveVersion = 1;
	classes = {
	};
	objectVersion = 46;
	objects = {

/* Begin PBXBuildFile section */
		018BA697D81ADF73A75A2345 /* libPods.a in Frameworks */ = {isa = PBXBuildFile; fileRef = E7B8559E65B4108EA2C3F343 /* libPods.a */; };
		A95510921AC39E6A0006D16F /* main.m in Sources */ = {isa = PBXBuildFile; fileRef = A95510911AC39E6A0006D16F /* main.m */; };
		A95510951AC39E6A0006D16F /* AppDelegate.m in Sources */ = {isa = PBXBuildFile; fileRef = A95510941AC39E6A0006D16F /* AppDelegate.m */; };
		A95510981AC39E6A0006D16F /* ViewController.m in Sources */ = {isa = PBXBuildFile; fileRef = A95510971AC39E6A0006D16F /* ViewController.m */; };
		A955109B1AC39E6A0006D16F /* Main.storyboard in Resources */ = {isa = PBXBuildFile; fileRef = A95510991AC39E6A0006D16F /* Main.storyboard */; };
		A955109D1AC39E6A0006D16F /* Images.xcassets in Resources */ = {isa = PBXBuildFile; fileRef = A955109C1AC39E6A0006D16F /* Images.xcassets */; };
		A95510A01AC39E6A0006D16F /* LaunchScreen.xib in Resources */ = {isa = PBXBuildFile; fileRef = A955109E1AC39E6A0006D16F /* LaunchScreen.xib */; };
		A97C54CD1AC8F10F0038818A /* BaseViewModel.m in Sources */ = {isa = PBXBuildFile; fileRef = A97C54BD1AC8F10F0038818A /* BaseViewModel.m */; };
		A97C54CF1AC8F10F0038818A /* NSString+HXAddtions.m in Sources */ = {isa = PBXBuildFile; fileRef = A97C54C11AC8F10F0038818A /* NSString+HXAddtions.m */; };
		A97C54D01AC8F10F0038818A /* PropertyEntity.m in Sources */ = {isa = PBXBuildFile; fileRef = A97C54C31AC8F10F0038818A /* PropertyEntity.m */; };
		A97C54D11AC8F10F0038818A /* RequireEngine.m in Sources */ = {isa = PBXBuildFile; fileRef = A97C54C51AC8F10F0038818A /* RequireEngine.m */; };
		A97C54D21AC8F10F0038818A /* AFgzipResponseSerializer.m in Sources */ = {isa = PBXBuildFile; fileRef = A97C54C81AC8F10F0038818A /* AFgzipResponseSerializer.m */; };
		A97C54D31AC8F10F0038818A /* XiaoYuAPIClient.m in Sources */ = {isa = PBXBuildFile; fileRef = A97C54CA1AC8F10F0038818A /* XiaoYuAPIClient.m */; };
		A97C54D41AC8F10F0038818A /* XMFishBaseCode.m in Sources */ = {isa = PBXBuildFile; fileRef = A97C54CC1AC8F10F0038818A /* XMFishBaseCode.m */; };
		A97C54DD1AC901980038818A /* MBProgressHUD+Util.m in Sources */ = {isa = PBXBuildFile; fileRef = A97C54DC1AC901970038818A /* MBProgressHUD+Util.m */; };
		A97C54E11AC91DA10038818A /* CommonUtil.m in Sources */ = {isa = PBXBuildFile; fileRef = A97C54E01AC91DA10038818A /* CommonUtil.m */; };
		A97C54FE1AC933AD0038818A /* UMSocialLocalizable.strings in Resources */ = {isa = PBXBuildFile; fileRef = A97C54E41AC933AD0038818A /* UMSocialLocalizable.strings */; };
		A97C54FF1AC933AD0038818A /* libUMSocial_Sdk_4.2.1.a in Frameworks */ = {isa = PBXBuildFile; fileRef = A97C54F21AC933AD0038818A /* libUMSocial_Sdk_4.2.1.a */; };
		A97C55001AC933AD0038818A /* UMSCommentDetailController.xib in Resources */ = {isa = PBXBuildFile; fileRef = A97C54F41AC933AD0038818A /* UMSCommentDetailController.xib */; };
		A97C55011AC933AD0038818A /* UMSCommentInputController.xib in Resources */ = {isa = PBXBuildFile; fileRef = A97C54F51AC933AD0038818A /* UMSCommentInputController.xib */; };
		A97C55021AC933AD0038818A /* UMSCommentInputControlleriPad.xib in Resources */ = {isa = PBXBuildFile; fileRef = A97C54F61AC933AD0038818A /* UMSCommentInputControlleriPad.xib */; };
		A97C55031AC933AD0038818A /* UMShareEditViewController.xib in Resources */ = {isa = PBXBuildFile; fileRef = A97C54F71AC933AD0038818A /* UMShareEditViewController.xib */; };
		A97C55041AC933AD0038818A /* UMShareEditViewControlleriPad.xib in Resources */ = {isa = PBXBuildFile; fileRef = A97C54F81AC933AD0038818A /* UMShareEditViewControlleriPad.xib */; };
		A97C55051AC933AD0038818A /* UMSLoginViewController.xib in Resources */ = {isa = PBXBuildFile; fileRef = A97C54F91AC933AD0038818A /* UMSLoginViewController.xib */; };
		A97C55061AC933AD0038818A /* UMSnsAccountViewController.xib in Resources */ = {isa = PBXBuildFile; fileRef = A97C54FA1AC933AD0038818A /* UMSnsAccountViewController.xib */; };
		A97C55071AC933AD0038818A /* UMSShareListController.xib in Resources */ = {isa = PBXBuildFile; fileRef = A97C54FB1AC933AD0038818A /* UMSShareListController.xib */; };
		A97C55081AC933AD0038818A /* UMSocialSDKResourcesNew.bundle in Resources */ = {isa = PBXBuildFile; fileRef = A97C54FC1AC933AD0038818A /* UMSocialSDKResourcesNew.bundle */; };
		A9B4E39F1AC9908E00A1DBDF /* libMobClickLibrary.a in Frameworks */ = {isa = PBXBuildFile; fileRef = A9B4E39C1AC9908E00A1DBDF /* libMobClickLibrary.a */; };
		A9FAD4221AC922A5007ADC10 /* MainViewController.m in Sources */ = {isa = PBXBuildFile; fileRef = A9FAD4201AC922A5007ADC10 /* MainViewController.m */; };
		A9FAD4231AC922A5007ADC10 /* MainViewController.xib in Resources */ = {isa = PBXBuildFile; fileRef = A9FAD4211AC922A5007ADC10 /* MainViewController.xib */; };
		A9FAD4271AC922BE007ADC10 /* NoteViewController.m in Sources */ = {isa = PBXBuildFile; fileRef = A9FAD4251AC922BE007ADC10 /* NoteViewController.m */; };
		A9FAD4281AC922BE007ADC10 /* NoteViewController.xib in Resources */ = {isa = PBXBuildFile; fileRef = A9FAD4261AC922BE007ADC10 /* NoteViewController.xib */; };
		A9FAD42C1AC923E2007ADC10 /* MessageViewController.m in Sources */ = {isa = PBXBuildFile; fileRef = A9FAD42A1AC923E2007ADC10 /* MessageViewController.m */; };
		A9FAD42D1AC923E2007ADC10 /* MessageViewController.xib in Resources */ = {isa = PBXBuildFile; fileRef = A9FAD42B1AC923E2007ADC10 /* MessageViewController.xib */; };
		A9FAD4311AC923FC007ADC10 /* MyViewController.m in Sources */ = {isa = PBXBuildFile; fileRef = A9FAD42F1AC923FC007ADC10 /* MyViewController.m */; };
		A9FAD4321AC923FC007ADC10 /* MyViewController.xib in Resources */ = {isa = PBXBuildFile; fileRef = A9FAD4301AC923FC007ADC10 /* MyViewController.xib */; };
		A9FAD4351AC925AC007ADC10 /* LoginViewModel.m in Sources */ = {isa = PBXBuildFile; fileRef = A9FAD4341AC925AC007ADC10 /* LoginViewModel.m */; };
/* End PBXBuildFile section */

/* Begin PBXFileReference section */
		93C9ED3E7E1041224C33AED5 /* Pods.debug.xcconfig */ = {isa = PBXFileReference; includeInIndex = 1; lastKnownFileType = text.xcconfig; name = Pods.debug.xcconfig; path = "Pods/Target Support Files/Pods/Pods.debug.xcconfig"; sourceTree = "<group>"; };
		A955108C1AC39E6A0006D16F /* Ash_AWord.app */ = {isa = PBXFileReference; explicitFileType = wrapper.application; includeInIndex = 0; path = Ash_AWord.app; sourceTree = BUILT_PRODUCTS_DIR; };
		A95510901AC39E6A0006D16F /* Info.plist */ = {isa = PBXFileReference; lastKnownFileType = text.plist.xml; path = Info.plist; sourceTree = "<group>"; };
		A95510911AC39E6A0006D16F /* main.m */ = {isa = PBXFileReference; lastKnownFileType = sourcecode.c.objc; path = main.m; sourceTree = "<group>"; };
		A95510931AC39E6A0006D16F /* AppDelegate.h */ = {isa = PBXFileReference; lastKnownFileType = sourcecode.c.h; path = AppDelegate.h; sourceTree = "<group>"; };
		A95510941AC39E6A0006D16F /* AppDelegate.m */ = {isa = PBXFileReference; lastKnownFileType = sourcecode.c.objc; path = AppDelegate.m; sourceTree = "<group>"; };
		A95510961AC39E6A0006D16F /* ViewController.h */ = {isa = PBXFileReference; lastKnownFileType = sourcecode.c.h; path = ViewController.h; sourceTree = "<group>"; };
		A95510971AC39E6A0006D16F /* ViewController.m */ = {isa = PBXFileReference; lastKnownFileType = sourcecode.c.objc; path = ViewController.m; sourceTree = "<group>"; };
		A955109A1AC39E6A0006D16F /* Base */ = {isa = PBXFileReference; lastKnownFileType = file.storyboard; name = Base; path = Base.lproj/Main.storyboard; sourceTree = "<group>"; };
		A955109C1AC39E6A0006D16F /* Images.xcassets */ = {isa = PBXFileReference; lastKnownFileType = folder.assetcatalog; path = Images.xcassets; sourceTree = "<group>"; };
		A955109F1AC39E6A0006D16F /* Base */ = {isa = PBXFileReference; lastKnownFileType = file.xib; name = Base; path = Base.lproj/LaunchScreen.xib; sourceTree = "<group>"; };
		A95510AA1AC39E6A0006D16F /* Info.plist */ = {isa = PBXFileReference; lastKnownFileType = text.plist.xml; path = Info.plist; sourceTree = "<group>"; };
		A95510AB1AC39E6A0006D16F /* Ash_AWordTests.m */ = {isa = PBXFileReference; lastKnownFileType = sourcecode.c.objc; path = Ash_AWordTests.m; sourceTree = "<group>"; };
		A97C54BC1AC8F10F0038818A /* BaseViewModel.h */ = {isa = PBXFileReference; fileEncoding = 4; lastKnownFileType = sourcecode.c.h; path = BaseViewModel.h; sourceTree = "<group>"; };
		A97C54BD1AC8F10F0038818A /* BaseViewModel.m */ = {isa = PBXFileReference; fileEncoding = 4; lastKnownFileType = sourcecode.c.objc; path = BaseViewModel.m; sourceTree = "<group>"; };
		A97C54C01AC8F10F0038818A /* NSString+HXAddtions.h */ = {isa = PBXFileReference; fileEncoding = 4; lastKnownFileType = sourcecode.c.h; path = "NSString+HXAddtions.h"; sourceTree = "<group>"; };
		A97C54C11AC8F10F0038818A /* NSString+HXAddtions.m */ = {isa = PBXFileReference; fileEncoding = 4; lastKnownFileType = sourcecode.c.objc; path = "NSString+HXAddtions.m"; sourceTree = "<group>"; };
		A97C54C21AC8F10F0038818A /* PropertyEntity.h */ = {isa = PBXFileReference; fileEncoding = 4; lastKnownFileType = sourcecode.c.h; path = PropertyEntity.h; sourceTree = "<group>"; };
		A97C54C31AC8F10F0038818A /* PropertyEntity.m */ = {isa = PBXFileReference; fileEncoding = 4; lastKnownFileType = sourcecode.c.objc; path = PropertyEntity.m; sourceTree = "<group>"; };
		A97C54C41AC8F10F0038818A /* RequireEngine.h */ = {isa = PBXFileReference; fileEncoding = 4; lastKnownFileType = sourcecode.c.h; path = RequireEngine.h; sourceTree = "<group>"; };
		A97C54C51AC8F10F0038818A /* RequireEngine.m */ = {isa = PBXFileReference; fileEncoding = 4; lastKnownFileType = sourcecode.c.objc; path = RequireEngine.m; sourceTree = "<group>"; };
		A97C54C71AC8F10F0038818A /* AFgzipResponseSerializer.h */ = {isa = PBXFileReference; fileEncoding = 4; lastKnownFileType = sourcecode.c.h; path = AFgzipResponseSerializer.h; sourceTree = "<group>"; };
		A97C54C81AC8F10F0038818A /* AFgzipResponseSerializer.m */ = {isa = PBXFileReference; fileEncoding = 4; lastKnownFileType = sourcecode.c.objc; path = AFgzipResponseSerializer.m; sourceTree = "<group>"; };
		A97C54C91AC8F10F0038818A /* XiaoYuAPIClient.h */ = {isa = PBXFileReference; fileEncoding = 4; lastKnownFileType = sourcecode.c.h; path = XiaoYuAPIClient.h; sourceTree = "<group>"; };
		A97C54CA1AC8F10F0038818A /* XiaoYuAPIClient.m */ = {isa = PBXFileReference; fileEncoding = 4; lastKnownFileType = sourcecode.c.objc; path = XiaoYuAPIClient.m; sourceTree = "<group>"; };
		A97C54CB1AC8F10F0038818A /* XMFishBaseCode.h */ = {isa = PBXFileReference; fileEncoding = 4; lastKnownFileType = sourcecode.c.h; path = XMFishBaseCode.h; sourceTree = "<group>"; };
		A97C54CC1AC8F10F0038818A /* XMFishBaseCode.m */ = {isa = PBXFileReference; fileEncoding = 4; lastKnownFileType = sourcecode.c.objc; path = XMFishBaseCode.m; sourceTree = "<group>"; };
		A97C54D61AC8FB6C0038818A /* Common.h */ = {isa = PBXFileReference; lastKnownFileType = sourcecode.c.h; path = Common.h; sourceTree = "<group>"; };
		A97C54D81AC8FCED0038818A /* PrefixHeader.pch */ = {isa = PBXFileReference; fileEncoding = 4; lastKnownFileType = sourcecode.c.h; path = PrefixHeader.pch; sourceTree = "<group>"; };
		A97C54DB1AC901970038818A /* MBProgressHUD+Util.h */ = {isa = PBXFileReference; fileEncoding = 4; lastKnownFileType = sourcecode.c.h; path = "MBProgressHUD+Util.h"; sourceTree = "<group>"; };
		A97C54DC1AC901970038818A /* MBProgressHUD+Util.m */ = {isa = PBXFileReference; fileEncoding = 4; lastKnownFileType = sourcecode.c.objc; path = "MBProgressHUD+Util.m"; sourceTree = "<group>"; };
		A97C54DF1AC91DA10038818A /* CommonUtil.h */ = {isa = PBXFileReference; fileEncoding = 4; lastKnownFileType = sourcecode.c.h; path = CommonUtil.h; sourceTree = "<group>"; };
		A97C54E01AC91DA10038818A /* CommonUtil.m */ = {isa = PBXFileReference; fileEncoding = 4; lastKnownFileType = sourcecode.c.objc; path = CommonUtil.m; sourceTree = "<group>"; };
		A97C54E51AC933AD0038818A /* en */ = {isa = PBXFileReference; lastKnownFileType = text.plist.strings; name = en; path = en.lproj/UMSocialLocalizable.strings; sourceTree = "<group>"; };
		A97C54E71AC933AD0038818A /* UMSocial.h */ = {isa = PBXFileReference; fileEncoding = 4; lastKnownFileType = sourcecode.c.h; path = UMSocial.h; sourceTree = "<group>"; };
		A97C54E81AC933AD0038818A /* UMSocialAccountManager.h */ = {isa = PBXFileReference; fileEncoding = 4; lastKnownFileType = sourcecode.c.h; path = UMSocialAccountManager.h; sourceTree = "<group>"; };
		A97C54E91AC933AD0038818A /* UMSocialBar.h */ = {isa = PBXFileReference; fileEncoding = 4; lastKnownFileType = sourcecode.c.h; path = UMSocialBar.h; sourceTree = "<group>"; };
		A97C54EA1AC933AD0038818A /* UMSocialConfig.h */ = {isa = PBXFileReference; fileEncoding = 4; lastKnownFileType = sourcecode.c.h; path = UMSocialConfig.h; sourceTree = "<group>"; };
		A97C54EB1AC933AD0038818A /* UMSocialControllerService.h */ = {isa = PBXFileReference; fileEncoding = 4; lastKnownFileType = sourcecode.c.h; path = UMSocialControllerService.h; sourceTree = "<group>"; };
		A97C54EC1AC933AD0038818A /* UMSocialControllerServiceComment.h */ = {isa = PBXFileReference; fileEncoding = 4; lastKnownFileType = sourcecode.c.h; path = UMSocialControllerServiceComment.h; sourceTree = "<group>"; };
		A97C54ED1AC933AD0038818A /* UMSocialData.h */ = {isa = PBXFileReference; fileEncoding = 4; lastKnownFileType = sourcecode.c.h; path = UMSocialData.h; sourceTree = "<group>"; };
		A97C54EE1AC933AD0038818A /* UMSocialDataService.h */ = {isa = PBXFileReference; fileEncoding = 4; lastKnownFileType = sourcecode.c.h; path = UMSocialDataService.h; sourceTree = "<group>"; };
		A97C54EF1AC933AD0038818A /* UMSocialSnsData.h */ = {isa = PBXFileReference; fileEncoding = 4; lastKnownFileType = sourcecode.c.h; path = UMSocialSnsData.h; sourceTree = "<group>"; };
		A97C54F01AC933AD0038818A /* UMSocialSnsPlatformManager.h */ = {isa = PBXFileReference; fileEncoding = 4; lastKnownFileType = sourcecode.c.h; path = UMSocialSnsPlatformManager.h; sourceTree = "<group>"; };
		A97C54F11AC933AD0038818A /* UMSocialSnsService.h */ = {isa = PBXFileReference; fileEncoding = 4; lastKnownFileType = sourcecode.c.h; path = UMSocialSnsService.h; sourceTree = "<group>"; };
		A97C54F21AC933AD0038818A /* libUMSocial_Sdk_4.2.1.a */ = {isa = PBXFileReference; lastKnownFileType = archive.ar; path = libUMSocial_Sdk_4.2.1.a; sourceTree = "<group>"; };
		A97C54F41AC933AD0038818A /* UMSCommentDetailController.xib */ = {isa = PBXFileReference; fileEncoding = 4; lastKnownFileType = file.xib; path = UMSCommentDetailController.xib; sourceTree = "<group>"; };
		A97C54F51AC933AD0038818A /* UMSCommentInputController.xib */ = {isa = PBXFileReference; fileEncoding = 4; lastKnownFileType = file.xib; path = UMSCommentInputController.xib; sourceTree = "<group>"; };
		A97C54F61AC933AD0038818A /* UMSCommentInputControlleriPad.xib */ = {isa = PBXFileReference; fileEncoding = 4; lastKnownFileType = file.xib; path = UMSCommentInputControlleriPad.xib; sourceTree = "<group>"; };
		A97C54F71AC933AD0038818A /* UMShareEditViewController.xib */ = {isa = PBXFileReference; fileEncoding = 4; lastKnownFileType = file.xib; path = UMShareEditViewController.xib; sourceTree = "<group>"; };
		A97C54F81AC933AD0038818A /* UMShareEditViewControlleriPad.xib */ = {isa = PBXFileReference; fileEncoding = 4; lastKnownFileType = file.xib; path = UMShareEditViewControlleriPad.xib; sourceTree = "<group>"; };
		A97C54F91AC933AD0038818A /* UMSLoginViewController.xib */ = {isa = PBXFileReference; fileEncoding = 4; lastKnownFileType = file.xib; path = UMSLoginViewController.xib; sourceTree = "<group>"; };
		A97C54FA1AC933AD0038818A /* UMSnsAccountViewController.xib */ = {isa = PBXFileReference; fileEncoding = 4; lastKnownFileType = file.xib; path = UMSnsAccountViewController.xib; sourceTree = "<group>"; };
		A97C54FB1AC933AD0038818A /* UMSShareListController.xib */ = {isa = PBXFileReference; fileEncoding = 4; lastKnownFileType = file.xib; path = UMSShareListController.xib; sourceTree = "<group>"; };
		A97C54FC1AC933AD0038818A /* UMSocialSDKResourcesNew.bundle */ = {isa = PBXFileReference; lastKnownFileType = "wrapper.plug-in"; path = UMSocialSDKResourcesNew.bundle; sourceTree = "<group>"; };
		A97C54FD1AC933AD0038818A /* zh-Hans */ = {isa = PBXFileReference; lastKnownFileType = text.plist.strings; name = "zh-Hans"; path = "zh-Hans.lproj/UMSocialLocalizable.strings"; sourceTree = "<group>"; };
		A9B4E39C1AC9908E00A1DBDF /* libMobClickLibrary.a */ = {isa = PBXFileReference; lastKnownFileType = archive.ar; path = libMobClickLibrary.a; sourceTree = "<group>"; };
		A9B4E39D1AC9908E00A1DBDF /* MobClick.h */ = {isa = PBXFileReference; fileEncoding = 4; lastKnownFileType = sourcecode.c.h; path = MobClick.h; sourceTree = "<group>"; };
		A9B4E39E1AC9908E00A1DBDF /* MobClickSocialAnalytics.h */ = {isa = PBXFileReference; fileEncoding = 4; lastKnownFileType = sourcecode.c.h; path = MobClickSocialAnalytics.h; sourceTree = "<group>"; };
		A9FAD41F1AC922A5007ADC10 /* MainViewController.h */ = {isa = PBXFileReference; fileEncoding = 4; lastKnownFileType = sourcecode.c.h; path = MainViewController.h; sourceTree = "<group>"; };
		A9FAD4201AC922A5007ADC10 /* MainViewController.m */ = {isa = PBXFileReference; fileEncoding = 4; lastKnownFileType = sourcecode.c.objc; path = MainViewController.m; sourceTree = "<group>"; };
		A9FAD4211AC922A5007ADC10 /* MainViewController.xib */ = {isa = PBXFileReference; fileEncoding = 4; lastKnownFileType = file.xib; path = MainViewController.xib; sourceTree = "<group>"; };
		A9FAD4241AC922BE007ADC10 /* NoteViewController.h */ = {isa = PBXFileReference; fileEncoding = 4; lastKnownFileType = sourcecode.c.h; path = NoteViewController.h; sourceTree = "<group>"; };
		A9FAD4251AC922BE007ADC10 /* NoteViewController.m */ = {isa = PBXFileReference; fileEncoding = 4; lastKnownFileType = sourcecode.c.objc; path = NoteViewController.m; sourceTree = "<group>"; };
		A9FAD4261AC922BE007ADC10 /* NoteViewController.xib */ = {isa = PBXFileReference; fileEncoding = 4; lastKnownFileType = file.xib; path = NoteViewController.xib; sourceTree = "<group>"; };
		A9FAD4291AC923E2007ADC10 /* MessageViewController.h */ = {isa = PBXFileReference; fileEncoding = 4; lastKnownFileType = sourcecode.c.h; path = MessageViewController.h; sourceTree = "<group>"; };
		A9FAD42A1AC923E2007ADC10 /* MessageViewController.m */ = {isa = PBXFileReference; fileEncoding = 4; lastKnownFileType = sourcecode.c.objc; path = MessageViewController.m; sourceTree = "<group>"; };
		A9FAD42B1AC923E2007ADC10 /* MessageViewController.xib */ = {isa = PBXFileReference; fileEncoding = 4; lastKnownFileType = file.xib; path = MessageViewController.xib; sourceTree = "<group>"; };
		A9FAD42E1AC923FC007ADC10 /* MyViewController.h */ = {isa = PBXFileReference; fileEncoding = 4; lastKnownFileType = sourcecode.c.h; path = MyViewController.h; sourceTree = "<group>"; };
		A9FAD42F1AC923FC007ADC10 /* MyViewController.m */ = {isa = PBXFileReference; fileEncoding = 4; lastKnownFileType = sourcecode.c.objc; path = MyViewController.m; sourceTree = "<group>"; };
		A9FAD4301AC923FC007ADC10 /* MyViewController.xib */ = {isa = PBXFileReference; fileEncoding = 4; lastKnownFileType = file.xib; path = MyViewController.xib; sourceTree = "<group>"; };
		A9FAD4331AC925AC007ADC10 /* LoginViewModel.h */ = {isa = PBXFileReference; fileEncoding = 4; lastKnownFileType = sourcecode.c.h; path = LoginViewModel.h; sourceTree = "<group>"; };
		A9FAD4341AC925AC007ADC10 /* LoginViewModel.m */ = {isa = PBXFileReference; fileEncoding = 4; lastKnownFileType = sourcecode.c.objc; path = LoginViewModel.m; sourceTree = "<group>"; };
		AD3C5DED2445FC2F0892A525 /* Pods.release.xcconfig */ = {isa = PBXFileReference; includeInIndex = 1; lastKnownFileType = text.xcconfig; name = Pods.release.xcconfig; path = "Pods/Target Support Files/Pods/Pods.release.xcconfig"; sourceTree = "<group>"; };
		E7B8559E65B4108EA2C3F343 /* libPods.a */ = {isa = PBXFileReference; explicitFileType = archive.ar; includeInIndex = 0; path = libPods.a; sourceTree = BUILT_PRODUCTS_DIR; };
/* End PBXFileReference section */

/* Begin PBXFrameworksBuildPhase section */
		A95510891AC39E6A0006D16F /* Frameworks */ = {
			isa = PBXFrameworksBuildPhase;
			buildActionMask = 2147483647;
			files = (
				018BA697D81ADF73A75A2345 /* libPods.a in Frameworks */,
				A9B4E39F1AC9908E00A1DBDF /* libMobClickLibrary.a in Frameworks */,
				A97C54FF1AC933AD0038818A /* libUMSocial_Sdk_4.2.1.a in Frameworks */,
			);
			runOnlyForDeploymentPostprocessing = 0;
		};
/* End PBXFrameworksBuildPhase section */

/* Begin PBXGroup section */
		A95510831AC39E6A0006D16F = {
			isa = PBXGroup;
			children = (
				A955108E1AC39E6A0006D16F /* Ash_AWord */,
				A95510A81AC39E6A0006D16F /* Ash_AWordTests */,
				A955108D1AC39E6A0006D16F /* Products */,
				BB5C06BBA9CE89A900ADC8EE /* Pods */,
				D600413F4BCED5BE80E26E1F /* Frameworks */,
			);
			sourceTree = "<group>";
		};
		A955108D1AC39E6A0006D16F /* Products */ = {
			isa = PBXGroup;
			children = (
				A955108C1AC39E6A0006D16F /* Ash_AWord.app */,
			);
			name = Products;
			sourceTree = "<group>";
		};
		A955108E1AC39E6A0006D16F /* Ash_AWord */ = {
			isa = PBXGroup;
			children = (
				A97C54E21AC91FD70038818A /* Resource */,
				A97C54D91AC9014D0038818A /* Vender */,
				A97C54D51AC8F51E0038818A /* Config */,
				A97C54BA1AC8F0A90038818A /* Utility */,
				A97C54B71AC8F0370038818A /* ViewControllers */,
				A97C54B81AC8F0370038818A /* ViewModels */,
				A97C54B91AC8F0370038818A /* Views */,
				A95510931AC39E6A0006D16F /* AppDelegate.h */,
				A95510941AC39E6A0006D16F /* AppDelegate.m */,
				A95510961AC39E6A0006D16F /* ViewController.h */,
				A95510971AC39E6A0006D16F /* ViewController.m */,
				A95510991AC39E6A0006D16F /* Main.storyboard */,
				A955109C1AC39E6A0006D16F /* Images.xcassets */,
				A955109E1AC39E6A0006D16F /* LaunchScreen.xib */,
				A955108F1AC39E6A0006D16F /* Supporting Files */,
			);
			path = Ash_AWord;
			sourceTree = "<group>";
		};
		A955108F1AC39E6A0006D16F /* Supporting Files */ = {
			isa = PBXGroup;
			children = (
				A95510901AC39E6A0006D16F /* Info.plist */,
				A97C54D81AC8FCED0038818A /* PrefixHeader.pch */,
				A95510911AC39E6A0006D16F /* main.m */,
			);
			name = "Supporting Files";
			sourceTree = "<group>";
		};
		A95510A81AC39E6A0006D16F /* Ash_AWordTests */ = {
			isa = PBXGroup;
			children = (
				A95510AB1AC39E6A0006D16F /* Ash_AWordTests.m */,
				A95510A91AC39E6A0006D16F /* Supporting Files */,
			);
			path = Ash_AWordTests;
			sourceTree = "<group>";
		};
		A95510A91AC39E6A0006D16F /* Supporting Files */ = {
			isa = PBXGroup;
			children = (
				A95510AA1AC39E6A0006D16F /* Info.plist */,
			);
			name = "Supporting Files";
			sourceTree = "<group>";
		};
		A97C54B71AC8F0370038818A /* ViewControllers */ = {
			isa = PBXGroup;
			children = (
				A9FAD41E1AC92293007ADC10 /* Main */,
			);
			path = ViewControllers;
			sourceTree = "<group>";
		};
		A97C54B81AC8F0370038818A /* ViewModels */ = {
			isa = PBXGroup;
			children = (
				A9FAD4331AC925AC007ADC10 /* LoginViewModel.h */,
				A9FAD4341AC925AC007ADC10 /* LoginViewModel.m */,
			);
			path = ViewModels;
			sourceTree = "<group>";
		};
		A97C54B91AC8F0370038818A /* Views */ = {
			isa = PBXGroup;
			children = (
			);
			path = Views;
			sourceTree = "<group>";
		};
		A97C54BA1AC8F0A90038818A /* Utility */ = {
			isa = PBXGroup;
			children = (
				A97C54DE1AC91D990038818A /* Tool */,
				A97C54BB1AC8F10F0038818A /* Network */,
			);
			path = Utility;
			sourceTree = "<group>";
		};
		A97C54BB1AC8F10F0038818A /* Network */ = {
			isa = PBXGroup;
			children = (
				A97C54BC1AC8F10F0038818A /* BaseViewModel.h */,
				A97C54BD1AC8F10F0038818A /* BaseViewModel.m */,
				A97C54C01AC8F10F0038818A /* NSString+HXAddtions.h */,
				A97C54C11AC8F10F0038818A /* NSString+HXAddtions.m */,
				A97C54C21AC8F10F0038818A /* PropertyEntity.h */,
				A97C54C31AC8F10F0038818A /* PropertyEntity.m */,
				A97C54C41AC8F10F0038818A /* RequireEngine.h */,
				A97C54C51AC8F10F0038818A /* RequireEngine.m */,
				A97C54C61AC8F10F0038818A /* Serializer */,
				A97C54C91AC8F10F0038818A /* XiaoYuAPIClient.h */,
				A97C54CA1AC8F10F0038818A /* XiaoYuAPIClient.m */,
				A97C54CB1AC8F10F0038818A /* XMFishBaseCode.h */,
				A97C54CC1AC8F10F0038818A /* XMFishBaseCode.m */,
			);
			path = Network;
			sourceTree = "<group>";
		};
		A97C54C61AC8F10F0038818A /* Serializer */ = {
			isa = PBXGroup;
			children = (
				A97C54C71AC8F10F0038818A /* AFgzipResponseSerializer.h */,
				A97C54C81AC8F10F0038818A /* AFgzipResponseSerializer.m */,
			);
			path = Serializer;
			sourceTree = "<group>";
		};
		A97C54D51AC8F51E0038818A /* Config */ = {
			isa = PBXGroup;
			children = (
				A97C54D61AC8FB6C0038818A /* Common.h */,
			);
			path = Config;
			sourceTree = "<group>";
		};
		A97C54D91AC9014D0038818A /* Vender */ = {
			isa = PBXGroup;
			children = (
				A9B4E39B1AC9908E00A1DBDF /* UMAnalytics_Sdk_3.4.6 */,
				A97C54E31AC933AD0038818A /* UMSocial_Sdk_4.2.1 */,
				A97C54DA1AC901970038818A /* MBProgressHUD */,
			);
			path = Vender;
			sourceTree = "<group>";
		};
		A97C54DA1AC901970038818A /* MBProgressHUD */ = {
			isa = PBXGroup;
			children = (
				A97C54DB1AC901970038818A /* MBProgressHUD+Util.h */,
				A97C54DC1AC901970038818A /* MBProgressHUD+Util.m */,
			);
			path = MBProgressHUD;
			sourceTree = "<group>";
		};
		A97C54DE1AC91D990038818A /* Tool */ = {
			isa = PBXGroup;
			children = (
				A97C54DF1AC91DA10038818A /* CommonUtil.h */,
				A97C54E01AC91DA10038818A /* CommonUtil.m */,
			);
			path = Tool;
			sourceTree = "<group>";
		};
		A97C54E21AC91FD70038818A /* Resource */ = {
			isa = PBXGroup;
			children = (
			);
			path = Resource;
			sourceTree = "<group>";
		};
		A97C54E31AC933AD0038818A /* UMSocial_Sdk_4.2.1 */ = {
			isa = PBXGroup;
			children = (
				A97C54E41AC933AD0038818A /* UMSocialLocalizable.strings */,
				A97C54E61AC933AD0038818A /* Header */,
				A97C54F21AC933AD0038818A /* libUMSocial_Sdk_4.2.1.a */,
				A97C54F31AC933AD0038818A /* SocialSDKXib */,
				A97C54FC1AC933AD0038818A /* UMSocialSDKResourcesNew.bundle */,
			);
			path = UMSocial_Sdk_4.2.1;
			sourceTree = "<group>";
		};
		A97C54E61AC933AD0038818A /* Header */ = {
			isa = PBXGroup;
			children = (
				A97C54E71AC933AD0038818A /* UMSocial.h */,
				A97C54E81AC933AD0038818A /* UMSocialAccountManager.h */,
				A97C54E91AC933AD0038818A /* UMSocialBar.h */,
				A97C54EA1AC933AD0038818A /* UMSocialConfig.h */,
				A97C54EB1AC933AD0038818A /* UMSocialControllerService.h */,
				A97C54EC1AC933AD0038818A /* UMSocialControllerServiceComment.h */,
				A97C54ED1AC933AD0038818A /* UMSocialData.h */,
				A97C54EE1AC933AD0038818A /* UMSocialDataService.h */,
				A97C54EF1AC933AD0038818A /* UMSocialSnsData.h */,
				A97C54F01AC933AD0038818A /* UMSocialSnsPlatformManager.h */,
				A97C54F11AC933AD0038818A /* UMSocialSnsService.h */,
			);
			path = Header;
			sourceTree = "<group>";
		};
		A97C54F31AC933AD0038818A /* SocialSDKXib */ = {
			isa = PBXGroup;
			children = (
				A97C54F41AC933AD0038818A /* UMSCommentDetailController.xib */,
				A97C54F51AC933AD0038818A /* UMSCommentInputController.xib */,
				A97C54F61AC933AD0038818A /* UMSCommentInputControlleriPad.xib */,
				A97C54F71AC933AD0038818A /* UMShareEditViewController.xib */,
				A97C54F81AC933AD0038818A /* UMShareEditViewControlleriPad.xib */,
				A97C54F91AC933AD0038818A /* UMSLoginViewController.xib */,
				A97C54FA1AC933AD0038818A /* UMSnsAccountViewController.xib */,
				A97C54FB1AC933AD0038818A /* UMSShareListController.xib */,
			);
			path = SocialSDKXib;
			sourceTree = "<group>";
		};
		A9B4E39B1AC9908E00A1DBDF /* UMAnalytics_Sdk_3.4.6 */ = {
			isa = PBXGroup;
			children = (
				A9B4E39C1AC9908E00A1DBDF /* libMobClickLibrary.a */,
				A9B4E39D1AC9908E00A1DBDF /* MobClick.h */,
				A9B4E39E1AC9908E00A1DBDF /* MobClickSocialAnalytics.h */,
			);
			path = UMAnalytics_Sdk_3.4.6;
			sourceTree = "<group>";
		};
		A9FAD41E1AC92293007ADC10 /* Main */ = {
			isa = PBXGroup;
			children = (
				A9FAD41F1AC922A5007ADC10 /* MainViewController.h */,
				A9FAD4201AC922A5007ADC10 /* MainViewController.m */,
				A9FAD4211AC922A5007ADC10 /* MainViewController.xib */,
				A9FAD4241AC922BE007ADC10 /* NoteViewController.h */,
				A9FAD4251AC922BE007ADC10 /* NoteViewController.m */,
				A9FAD4261AC922BE007ADC10 /* NoteViewController.xib */,
				A9FAD4291AC923E2007ADC10 /* MessageViewController.h */,
				A9FAD42A1AC923E2007ADC10 /* MessageViewController.m */,
				A9FAD42B1AC923E2007ADC10 /* MessageViewController.xib */,
				A9FAD42E1AC923FC007ADC10 /* MyViewController.h */,
				A9FAD42F1AC923FC007ADC10 /* MyViewController.m */,
				A9FAD4301AC923FC007ADC10 /* MyViewController.xib */,
			);
			path = Main;
			sourceTree = "<group>";
		};
		BB5C06BBA9CE89A900ADC8EE /* Pods */ = {
			isa = PBXGroup;
			children = (
				93C9ED3E7E1041224C33AED5 /* Pods.debug.xcconfig */,
				AD3C5DED2445FC2F0892A525 /* Pods.release.xcconfig */,
			);
			name = Pods;
			sourceTree = "<group>";
		};
		D600413F4BCED5BE80E26E1F /* Frameworks */ = {
			isa = PBXGroup;
			children = (
				E7B8559E65B4108EA2C3F343 /* libPods.a */,
			);
			name = Frameworks;
			sourceTree = "<group>";
		};
/* End PBXGroup section */

/* Begin PBXNativeTarget section */
		A955108B1AC39E6A0006D16F /* Ash_AWord */ = {
			isa = PBXNativeTarget;
			buildConfigurationList = A95510AF1AC39E6A0006D16F /* Build configuration list for PBXNativeTarget "Ash_AWord" */;
			buildPhases = (
				DAEB2FA2A84A6068EB8BF453 /* Check Pods Manifest.lock */,
				A95510881AC39E6A0006D16F /* Sources */,
				A95510891AC39E6A0006D16F /* Frameworks */,
				A955108A1AC39E6A0006D16F /* Resources */,
				1A9F58AE9370E1C95033655F /* Copy Pods Resources */,
			);
			buildRules = (
			);
			dependencies = (
			);
			name = Ash_AWord;
			productName = Ash_AWord;
			productReference = A955108C1AC39E6A0006D16F /* Ash_AWord.app */;
			productType = "com.apple.product-type.application";
		};
/* End PBXNativeTarget section */

/* Begin PBXProject section */
		A95510841AC39E6A0006D16F /* Project object */ = {
			isa = PBXProject;
			attributes = {
				LastUpgradeCheck = 0620;
				ORGANIZATIONNAME = ash;
				TargetAttributes = {
					A955108B1AC39E6A0006D16F = {
						CreatedOnToolsVersion = 6.2;
					};
				};
			};
			buildConfigurationList = A95510871AC39E6A0006D16F /* Build configuration list for PBXProject "Ash_AWord" */;
			compatibilityVersion = "Xcode 3.2";
			developmentRegion = English;
			hasScannedForEncodings = 0;
			knownRegions = (
				en,
				Base,
				"zh-Hans",
			);
			mainGroup = A95510831AC39E6A0006D16F;
			productRefGroup = A955108D1AC39E6A0006D16F /* Products */;
			projectDirPath = "";
			projectRoot = "";
			targets = (
				A955108B1AC39E6A0006D16F /* Ash_AWord */,
			);
		};
/* End PBXProject section */

/* Begin PBXResourcesBuildPhase section */
		A955108A1AC39E6A0006D16F /* Resources */ = {
			isa = PBXResourcesBuildPhase;
			buildActionMask = 2147483647;
			files = (
				A97C55001AC933AD0038818A /* UMSCommentDetailController.xib in Resources */,
				A9FAD4321AC923FC007ADC10 /* MyViewController.xib in Resources */,
				A955109B1AC39E6A0006D16F /* Main.storyboard in Resources */,
				A97C55071AC933AD0038818A /* UMSShareListController.xib in Resources */,
				A97C54FE1AC933AD0038818A /* UMSocialLocalizable.strings in Resources */,
				A97C55041AC933AD0038818A /* UMShareEditViewControlleriPad.xib in Resources */,
				A95510A01AC39E6A0006D16F /* LaunchScreen.xib in Resources */,
				A9FAD42D1AC923E2007ADC10 /* MessageViewController.xib in Resources */,
				A955109D1AC39E6A0006D16F /* Images.xcassets in Resources */,
				A9FAD4281AC922BE007ADC10 /* NoteViewController.xib in Resources */,
				A97C55031AC933AD0038818A /* UMShareEditViewController.xib in Resources */,
				A97C55061AC933AD0038818A /* UMSnsAccountViewController.xib in Resources */,
				A97C55011AC933AD0038818A /* UMSCommentInputController.xib in Resources */,
				A9FAD4231AC922A5007ADC10 /* MainViewController.xib in Resources */,
				A97C55051AC933AD0038818A /* UMSLoginViewController.xib in Resources */,
				A97C55081AC933AD0038818A /* UMSocialSDKResourcesNew.bundle in Resources */,
				A97C55021AC933AD0038818A /* UMSCommentInputControlleriPad.xib in Resources */,
			);
			runOnlyForDeploymentPostprocessing = 0;
		};
/* End PBXResourcesBuildPhase section */

/* Begin PBXShellScriptBuildPhase section */
		1A9F58AE9370E1C95033655F /* Copy Pods Resources */ = {
			isa = PBXShellScriptBuildPhase;
			buildActionMask = 2147483647;
			files = (
			);
			inputPaths = (
			);
			name = "Copy Pods Resources";
			outputPaths = (
			);
			runOnlyForDeploymentPostprocessing = 0;
			shellPath = /bin/sh;
			shellScript = "\"${SRCROOT}/Pods/Target Support Files/Pods/Pods-resources.sh\"\n";
			showEnvVarsInLog = 0;
		};
		DAEB2FA2A84A6068EB8BF453 /* Check Pods Manifest.lock */ = {
			isa = PBXShellScriptBuildPhase;
			buildActionMask = 2147483647;
			files = (
			);
			inputPaths = (
			);
			name = "Check Pods Manifest.lock";
			outputPaths = (
			);
			runOnlyForDeploymentPostprocessing = 0;
			shellPath = /bin/sh;
			shellScript = "diff \"${PODS_ROOT}/../Podfile.lock\" \"${PODS_ROOT}/Manifest.lock\" > /dev/null\nif [[ $? != 0 ]] ; then\n    cat << EOM\nerror: The sandbox is not in sync with the Podfile.lock. Run 'pod install' or update your CocoaPods installation.\nEOM\n    exit 1\nfi\n";
			showEnvVarsInLog = 0;
		};
/* End PBXShellScriptBuildPhase section */

/* Begin PBXSourcesBuildPhase section */
		A95510881AC39E6A0006D16F /* Sources */ = {
			isa = PBXSourcesBuildPhase;
			buildActionMask = 2147483647;
			files = (
				A9FAD4271AC922BE007ADC10 /* NoteViewController.m in Sources */,
				A97C54D31AC8F10F0038818A /* XiaoYuAPIClient.m in Sources */,
				A9FAD4311AC923FC007ADC10 /* MyViewController.m in Sources */,
				A97C54DD1AC901980038818A /* MBProgressHUD+Util.m in Sources */,
				A95510981AC39E6A0006D16F /* ViewController.m in Sources */,
				A97C54D21AC8F10F0038818A /* AFgzipResponseSerializer.m in Sources */,
				A9FAD4221AC922A5007ADC10 /* MainViewController.m in Sources */,
				A9FAD42C1AC923E2007ADC10 /* MessageViewController.m in Sources */,
				A97C54CD1AC8F10F0038818A /* BaseViewModel.m in Sources */,
				A97C54CF1AC8F10F0038818A /* NSString+HXAddtions.m in Sources */,
				A95510951AC39E6A0006D16F /* AppDelegate.m in Sources */,
				A97C54D11AC8F10F0038818A /* RequireEngine.m in Sources */,
				A97C54D01AC8F10F0038818A /* PropertyEntity.m in Sources */,
				A97C54D41AC8F10F0038818A /* XMFishBaseCode.m in Sources */,
				A97C54E11AC91DA10038818A /* CommonUtil.m in Sources */,
				A9FAD4351AC925AC007ADC10 /* LoginViewModel.m in Sources */,
				A95510921AC39E6A0006D16F /* main.m in Sources */,
			);
			runOnlyForDeploymentPostprocessing = 0;
		};
/* End PBXSourcesBuildPhase section */

/* Begin PBXVariantGroup section */
		A95510991AC39E6A0006D16F /* Main.storyboard */ = {
			isa = PBXVariantGroup;
			children = (
				A955109A1AC39E6A0006D16F /* Base */,
			);
			name = Main.storyboard;
			sourceTree = "<group>";
		};
		A955109E1AC39E6A0006D16F /* LaunchScreen.xib */ = {
			isa = PBXVariantGroup;
			children = (
				A955109F1AC39E6A0006D16F /* Base */,
			);
			name = LaunchScreen.xib;
			sourceTree = "<group>";
		};
		A97C54E41AC933AD0038818A /* UMSocialLocalizable.strings */ = {
			isa = PBXVariantGroup;
			children = (
				A97C54E51AC933AD0038818A /* en */,
				A97C54FD1AC933AD0038818A /* zh-Hans */,
			);
			name = UMSocialLocalizable.strings;
			sourceTree = "<group>";
		};
/* End PBXVariantGroup section */

/* Begin XCBuildConfiguration section */
		A95510AD1AC39E6A0006D16F /* Debug */ = {
			isa = XCBuildConfiguration;
			buildSettings = {
				ALWAYS_SEARCH_USER_PATHS = NO;
				CLANG_CXX_LANGUAGE_STANDARD = "gnu++0x";
				CLANG_CXX_LIBRARY = "libc++";
				CLANG_ENABLE_MODULES = YES;
				CLANG_ENABLE_OBJC_ARC = YES;
				CLANG_WARN_BOOL_CONVERSION = YES;
				CLANG_WARN_CONSTANT_CONVERSION = YES;
				CLANG_WARN_DIRECT_OBJC_ISA_USAGE = YES_ERROR;
				CLANG_WARN_EMPTY_BODY = YES;
				CLANG_WARN_ENUM_CONVERSION = YES;
				CLANG_WARN_INT_CONVERSION = YES;
				CLANG_WARN_OBJC_ROOT_CLASS = YES_ERROR;
				CLANG_WARN_UNREACHABLE_CODE = YES;
				CLANG_WARN__DUPLICATE_METHOD_MATCH = YES;
				"CODE_SIGN_IDENTITY[sdk=iphoneos*]" = "iPhone Developer";
				COPY_PHASE_STRIP = NO;
				ENABLE_STRICT_OBJC_MSGSEND = YES;
				GCC_C_LANGUAGE_STANDARD = gnu99;
				GCC_DYNAMIC_NO_PIC = NO;
				GCC_OPTIMIZATION_LEVEL = 0;
				GCC_PREPROCESSOR_DEFINITIONS = (
					"DEBUG=1",
					"$(inherited)",
				);
				GCC_SYMBOLS_PRIVATE_EXTERN = NO;
				GCC_WARN_64_TO_32_BIT_CONVERSION = YES;
				GCC_WARN_ABOUT_RETURN_TYPE = YES_ERROR;
				GCC_WARN_UNDECLARED_SELECTOR = YES;
				GCC_WARN_UNINITIALIZED_AUTOS = YES_AGGRESSIVE;
				GCC_WARN_UNUSED_FUNCTION = YES;
				GCC_WARN_UNUSED_VARIABLE = YES;
				IPHONEOS_DEPLOYMENT_TARGET = 6.0;
				MTL_ENABLE_DEBUG_INFO = YES;
				ONLY_ACTIVE_ARCH = YES;
				SDKROOT = iphoneos;
			};
			name = Debug;
		};
		A95510AE1AC39E6A0006D16F /* Release */ = {
			isa = XCBuildConfiguration;
			buildSettings = {
				ALWAYS_SEARCH_USER_PATHS = NO;
				CLANG_CXX_LANGUAGE_STANDARD = "gnu++0x";
				CLANG_CXX_LIBRARY = "libc++";
				CLANG_ENABLE_MODULES = YES;
				CLANG_ENABLE_OBJC_ARC = YES;
				CLANG_WARN_BOOL_CONVERSION = YES;
				CLANG_WARN_CONSTANT_CONVERSION = YES;
				CLANG_WARN_DIRECT_OBJC_ISA_USAGE = YES_ERROR;
				CLANG_WARN_EMPTY_BODY = YES;
				CLANG_WARN_ENUM_CONVERSION = YES;
				CLANG_WARN_INT_CONVERSION = YES;
				CLANG_WARN_OBJC_ROOT_CLASS = YES_ERROR;
				CLANG_WARN_UNREACHABLE_CODE = YES;
				CLANG_WARN__DUPLICATE_METHOD_MATCH = YES;
				"CODE_SIGN_IDENTITY[sdk=iphoneos*]" = "iPhone Developer";
				COPY_PHASE_STRIP = NO;
				ENABLE_NS_ASSERTIONS = NO;
				ENABLE_STRICT_OBJC_MSGSEND = YES;
				GCC_C_LANGUAGE_STANDARD = gnu99;
				GCC_WARN_64_TO_32_BIT_CONVERSION = YES;
				GCC_WARN_ABOUT_RETURN_TYPE = YES_ERROR;
				GCC_WARN_UNDECLARED_SELECTOR = YES;
				GCC_WARN_UNINITIALIZED_AUTOS = YES_AGGRESSIVE;
				GCC_WARN_UNUSED_FUNCTION = YES;
				GCC_WARN_UNUSED_VARIABLE = YES;
				IPHONEOS_DEPLOYMENT_TARGET = 6.0;
				MTL_ENABLE_DEBUG_INFO = NO;
				SDKROOT = iphoneos;
				VALIDATE_PRODUCT = YES;
			};
			name = Release;
		};
		A95510B01AC39E6A0006D16F /* Debug */ = {
			isa = XCBuildConfiguration;
			baseConfigurationReference = 93C9ED3E7E1041224C33AED5 /* Pods.debug.xcconfig */;
			buildSettings = {
				ASSETCATALOG_COMPILER_APPICON_NAME = AppIcon;
				FRAMEWORK_SEARCH_PATHS = (
					"$(inherited)",
					"$(PROJECT_DIR)/Ash_AWord/Vender/UMSocial_Sdk_Extra_Frameworks/TencentOpenAPI",
				);
				GCC_PREFIX_HEADER = Ash_AWord/PrefixHeader.pch;
				INFOPLIST_FILE = Ash_AWord/Info.plist;
				IPHONEOS_DEPLOYMENT_TARGET = 6.0;
				LD_RUNPATH_SEARCH_PATHS = "$(inherited) @executable_path/Frameworks";
				LIBRARY_SEARCH_PATHS = (
					"$(inherited)",
					"$(PROJECT_DIR)/Ash_AWord/Vender/UMSocial_Sdk_4.2.1",
					"$(PROJECT_DIR)/Ash_AWord/Vender/UMSocial_Sdk_Extra_Frameworks/TencentOpenAPI",
					"$(PROJECT_DIR)/Ash_AWord/Vender/UMSocial_Sdk_Extra_Frameworks/Wechat",
					"$(PROJECT_DIR)/Ash_AWord/Vender/UMAnalytics_Sdk_3.4.6",
				);
				PRODUCT_NAME = "$(TARGET_NAME)";
				VALID_ARCHS = "arm64 armv7 armv7s x86_64";
			};
			name = Debug;
		};
		A95510B11AC39E6A0006D16F /* Release */ = {
			isa = XCBuildConfiguration;
			baseConfigurationReference = AD3C5DED2445FC2F0892A525 /* Pods.release.xcconfig */;
			buildSettings = {
				ASSETCATALOG_COMPILER_APPICON_NAME = AppIcon;
				FRAMEWORK_SEARCH_PATHS = (
					"$(inherited)",
					"$(PROJECT_DIR)/Ash_AWord/Vender/UMSocial_Sdk_Extra_Frameworks/TencentOpenAPI",
				);
				GCC_PREFIX_HEADER = Ash_AWord/PrefixHeader.pch;
				INFOPLIST_FILE = Ash_AWord/Info.plist;
				IPHONEOS_DEPLOYMENT_TARGET = 6.0;
				LD_RUNPATH_SEARCH_PATHS = "$(inherited) @executable_path/Frameworks";
				LIBRARY_SEARCH_PATHS = (
					"$(inherited)",
					"$(PROJECT_DIR)/Ash_AWord/Vender/UMSocial_Sdk_4.2.1",
					"$(PROJECT_DIR)/Ash_AWord/Vender/UMSocial_Sdk_Extra_Frameworks/TencentOpenAPI",
					"$(PROJECT_DIR)/Ash_AWord/Vender/UMSocial_Sdk_Extra_Frameworks/Wechat",
					"$(PROJECT_DIR)/Ash_AWord/Vender/UMAnalytics_Sdk_3.4.6",
				);
				PRODUCT_NAME = "$(TARGET_NAME)";
				VALID_ARCHS = "arm64 armv7 armv7s x86_64";
			};
			name = Release;
		};
/* End XCBuildConfiguration section */

/* Begin XCConfigurationList section */
		A95510871AC39E6A0006D16F /* Build configuration list for PBXProject "Ash_AWord" */ = {
			isa = XCConfigurationList;
			buildConfigurations = (
				A95510AD1AC39E6A0006D16F /* Debug */,
				A95510AE1AC39E6A0006D16F /* Release */,
			);
			defaultConfigurationIsVisible = 0;
			defaultConfigurationName = Release;
		};
		A95510AF1AC39E6A0006D16F /* Build configuration list for PBXNativeTarget "Ash_AWord" */ = {
			isa = XCConfigurationList;
			buildConfigurations = (
				A95510B01AC39E6A0006D16F /* Debug */,
				A95510B11AC39E6A0006D16F /* Release */,
			);
			defaultConfigurationIsVisible = 0;
			defaultConfigurationName = Release;
		};
/* End XCConfigurationList section */
	};
	rootObject = A95510841AC39E6A0006D16F /* Project object */;
}
